<?xml version="1.0" encoding="utf-8"?>
<Project ToolsVersion="4.0" xmlns="http://schemas.microsoft.com/developer/msbuild/2003">
  <ItemGroup>
    <Filter Include="Pliki źródłowe">
      <UniqueIdentifier>{4FC737F1-C7A5-4376-A066-2A32D752A2FF}</UniqueIdentifier>
      <Extensions>cpp;c;cc;cxx;def;odl;idl;hpj;bat;asm;asmx</Extensions>
    </Filter>
    <Filter Include="Pliki nagłówkowe">
      <UniqueIdentifier>{93995380-89BD-4b04-88EB-625FBE52EBFB}</UniqueIdentifier>
      <Extensions>h;hh;hpp;hxx;hm;inl;inc;xsd</Extensions>
    </Filter>
    <Filter Include="Pliki zasobów">
      <UniqueIdentifier>{67DA6AB6-F800-4c08-8B7A-83BB121AAD01}</UniqueIdentifier>
      <Extensions>rc;ico;cur;bmp;dlg;rc2;rct;bin;rgs;gif;jpg;jpeg;jpe;resx;tiff;tif;png;wav;mfcribbon-ms</Extensions>
    </Filter>
  </ItemGroup>
  <ItemGroup>
    <ClCompile Include="MyForm.cpp">
      <Filter>Pliki źródłowe</Filter>
    </ClCompile>
    <ClCompile Include="hire.cpp">
      <Filter>Pliki źródłowe</Filter>
    </ClCompile>
    <ClCompile Include="upgradefirm.cpp">
      <Filter>Pliki źródłowe</Filter>
    </ClCompile>
    <ClCompile Include="Employee.cpp">
      <Filter>Pliki źródłowe</Filter>
    </ClCompile>
    <ClCompile Include="Firm.cpp">
      <Filter>Pliki źródłowe</Filter>
    </ClCompile>
  </ItemGroup>
  <ItemGroup>
    <ClInclude Include="MyForm.h">
      <Filter>Pliki nagłówkowe</Filter>
    </ClInclude>
    <ClInclude Include="resource.h">
      <Filter>Pliki nagłówkowe</Filter>
    </ClInclude>
    <ClInclude Include="hire.h">
      <Filter>Pliki nagłówkowe</Filter>
    </ClInclude>
    <ClInclude Include="upgradefirm.h">
      <Filter>Pliki nagłówkowe</Filter>
    </ClInclude>
    <ClInclude Include="Employee.h">
      <Filter>Pliki nagłówkowe</Filter>
    </ClInclude>
    <ClInclude Include="Firm.h">
      <Filter>Pliki nagłówkowe</Filter>
    </ClInclude>
  </ItemGroup>
  <ItemGroup>
    <EmbeddedResource Include="MyForm.resx">
      <Filter>Pliki zasobów</Filter>
    </EmbeddedResource>
    <EmbeddedResource Include="hire.resx">
      <Filter>Pliki zasobów</Filter>
    </EmbeddedResource>
    <EmbeddedResource Include="upgradefirm.resx">
      <Filter>Pliki zasobów</Filter>
    </EmbeddedResource>
  </ItemGroup>
  <ItemGroup>
    <ResourceCompile Include="Code-Clicker.rc">
      <Filter>Pliki zasobów</Filter>
    </ResourceCompile>
  </ItemGroup>
  <ItemGroup>
    <Image Include="..\..\grafika\0.png">
      <Filter>Pliki zasobów</Filter>
    </Image>
    <Image Include="..\..\grafika\1.png">
      <Filter>Pliki zasobów</Filter>
    </Image>
    <Image Include="..\..\grafika\2.png">
      <Filter>Pliki zasobów</Filter>
    </Image>
    <Image Include="..\..\grafika\3.png">
      <Filter>Pliki zasobów</Filter>
    </Image>
    <Image Include="..\..\grafika\4.png">
      <Filter>Pliki zasobów</Filter>
    </Image>
    <Image Include="..\..\grafika\5.png">
      <Filter>Pliki zasobów</Filter>
    </Image>
    <Image Include="..\..\grafika\6.png">
      <Filter>Pliki zasobów</Filter>
    </Image>
    <Image Include="..\..\grafika\7.png">
      <Filter>Pliki zasobów</Filter>
    </Image>
    <Image Include="..\..\grafika\8.png">
      <Filter>Pliki zasobów</Filter>
    </Image>
    <Image Include="..\..\grafika\9.png">
      <Filter>Pliki zasobów</Filter>
    </Image>
    <Image Include="..\..\grafika\kropka.png">
      <Filter>Pliki zasobów</Filter>
    </Image>
    <Image Include="..\..\grafika\przecinek.png">
      <Filter>Pliki zasobów</Filter>
    </Image>
  </ItemGroup>
</Project>